
Microsoft Visual Studio Solution File, Format Version 12.00
# Visual Studio Version 17
VisualStudioVersion = 17.11.35312.102
MinimumVisualStudioVersion = 10.0.40219.1
Project("{8BC9CEB8-8B4A-11D0-8D11-00A0C91BC942}") = "Enhanced sorting", "Enhanced sorting\Enhanced sorting.vcxproj", "{C55C013B-1A4D-4635-A5F6-6C31FE5A914A}"
EndProject
Project("{8BC9CEB8-8B4A-11D0-8D11-00A0C91BC942}") = "tests", "tests\tests.vcxproj", "{778E5D1C-CB8C-40A5-8482-795E5B1101D8}"
	ProjectSection(ProjectDependencies) = postProject
		{C55C013B-1A4D-4635-A5F6-6C31FE5A914A} = {C55C013B-1A4D-4635-A5F6-6C31FE5A914A}
	EndProjectSection
EndProject
Global
	GlobalSection(SolutionConfigurationPlatforms) = preSolution
		Debug|x64 = Debug|x64
		Debug|x86 = Debug|x86
		Release|x64 = Release|x64
		Release|x86 = Release|x86
	EndGlobalSection
	GlobalSection(ProjectConfigurationPlatforms) = postSolution
		{C55C013B-1A4D-4635-A5F6-6C31FE5A914A}.Debug|x64.ActiveCfg = Debug|x64
		{C55C013B-1A4D-4635-A5F6-6C31FE5A914A}.Debug|x64.Build.0 = Debug|x64
		{C55C013B-1A4D-4635-A5F6-6C31FE5A914A}.Debug|x86.ActiveCfg = Debug|Win32
		{C55C013B-1A4D-4635-A5F6-6C31FE5A914A}.Debug|x86.Build.0 = Debug|Win32
		{C55C013B-1A4D-4635-A5F6-6C31FE5A914A}.Release|x64.ActiveCfg = Release|x64
		{C55C013B-1A4D-4635-A5F6-6C31FE5A914A}.Release|x64.Build.0 = Release|x64
		{C55C013B-1A4D-4635-A5F6-6C31FE5A914A}.Release|x86.ActiveCfg = Release|Win32
		{C55C013B-1A4D-4635-A5F6-6C31FE5A914A}.Release|x86.Build.0 = Release|Win32
		{778E5D1C-CB8C-40A5-8482-795E5B1101D8}.Debug|x64.ActiveCfg = Debug|x64
		{778E5D1C-CB8C-40A5-8482-795E5B1101D8}.Debug|x64.Build.0 = Debug|x64
		{778E5D1C-CB8C-40A5-8482-795E5B1101D8}.Debug|x86.ActiveCfg = Debug|Win32
		{778E5D1C-CB8C-40A5-8482-795E5B1101D8}.Debug|x86.Build.0 = Debug|Win32
		{778E5D1C-CB8C-40A5-8482-795E5B1101D8}.Release|x64.ActiveCfg = Release|x64
		{778E5D1C-CB8C-40A5-8482-795E5B1101D8}.Release|x64.Build.0 = Release|x64
		{778E5D1C-CB8C-40A5-8482-795E5B1101D8}.Release|x86.ActiveCfg = Release|Win32
		{778E5D1C-CB8C-40A5-8482-795E5B1101D8}.Release|x86.Build.0 = Release|Win32
	EndGlobalSection
	GlobalSection(SolutionProperties) = preSolution
		HideSolutionNode = FALSE
	EndGlobalSection
	GlobalSection(ExtensibilityGlobals) = postSolution
		SolutionGuid = {EF7CF923-1909-4F33-A4C9-4837C280AED9}
	EndGlobalSection
EndGlobal
